// !$*UTF8*$!
{
	archiveVersion = 1;
	classes = {
	};
	objectVersion = 56;
	objects = {

/* Begin PBXBuildFile section */
		ED9EB7D52B694F9800502F46 /* WorkingView.swift in Sources */ = {isa = PBXBuildFile; fileRef = ED9EB7D42B694F9800502F46 /* WorkingView.swift */; };
		ED9EB7D72B695FF000502F46 /* DummyView.swift in Sources */ = {isa = PBXBuildFile; fileRef = ED9EB7D62B695FF000502F46 /* DummyView.swift */; };
		EDF159032B67FC2E00F7ABCE /* ProgettoApp.swift in Sources */ = {isa = PBXBuildFile; fileRef = EDF159022B67FC2E00F7ABCE /* ProgettoApp.swift */; };
		EDF159052B67FC2E00F7ABCE /* HomeView.swift in Sources */ = {isa = PBXBuildFile; fileRef = EDF159042B67FC2E00F7ABCE /* HomeView.swift */; };
		EDF159072B67FC2F00F7ABCE /* Assets.xcassets in Resources */ = {isa = PBXBuildFile; fileRef = EDF159062B67FC2F00F7ABCE /* Assets.xcassets */; };
		EDF1590A2B67FC2F00F7ABCE /* Preview Assets.xcassets in Resources */ = {isa = PBXBuildFile; fileRef = EDF159092B67FC2F00F7ABCE /* Preview Assets.xcassets */; };
		EDF159112B67FEFD00F7ABCE /* Idee.md in Resources */ = {isa = PBXBuildFile; fileRef = EDF159102B67FEFD00F7ABCE /* Idee.md */; };
		EDF41CB72B6A4A7E00E4D9DF /* PhotosView.swift in Sources */ = {isa = PBXBuildFile; fileRef = EDF41CB62B6A4A7E00E4D9DF /* PhotosView.swift */; };
		EDF41CB92B6A4B5C00E4D9DF /* TextView.swift in Sources */ = {isa = PBXBuildFile; fileRef = EDF41CB82B6A4B5C00E4D9DF /* TextView.swift */; };
		EDF41CBB2B6A4CB800E4D9DF /* PhotosDisplayView.swift in Sources */ = {isa = PBXBuildFile; fileRef = EDF41CBA2B6A4CB800E4D9DF /* PhotosDisplayView.swift */; };
/* End PBXBuildFile section */

/* Begin PBXFileReference section */
		ED9EB7D42B694F9800502F46 /* WorkingView.swift */ = {isa = PBXFileReference; lastKnownFileType = sourcecode.swift; path = WorkingView.swift; sourceTree = "<group>"; };
		ED9EB7D62B695FF000502F46 /* DummyView.swift */ = {isa = PBXFileReference; lastKnownFileType = sourcecode.swift; path = DummyView.swift; sourceTree = "<group>"; };
		EDF158FF2B67FC2E00F7ABCE /* Progetto.app */ = {isa = PBXFileReference; explicitFileType = wrapper.application; includeInIndex = 0; path = Progetto.app; sourceTree = BUILT_PRODUCTS_DIR; };
		EDF159022B67FC2E00F7ABCE /* ProgettoApp.swift */ = {isa = PBXFileReference; lastKnownFileType = sourcecode.swift; path = ProgettoApp.swift; sourceTree = "<group>"; };
		EDF159042B67FC2E00F7ABCE /* HomeView.swift */ = {isa = PBXFileReference; lastKnownFileType = sourcecode.swift; path = HomeView.swift; sourceTree = "<group>"; };
		EDF159062B67FC2F00F7ABCE /* Assets.xcassets */ = {isa = PBXFileReference; lastKnownFileType = folder.assetcatalog; path = Assets.xcassets; sourceTree = "<group>"; };
		EDF159092B67FC2F00F7ABCE /* Preview Assets.xcassets */ = {isa = PBXFileReference; lastKnownFileType = folder.assetcatalog; path = "Preview Assets.xcassets"; sourceTree = "<group>"; };
		EDF159102B67FEFD00F7ABCE /* Idee.md */ = {isa = PBXFileReference; lastKnownFileType = net.daringfireball.markdown; path = Idee.md; sourceTree = "<group>"; };
		EDF41CB62B6A4A7E00E4D9DF /* PhotosView.swift */ = {isa = PBXFileReference; lastKnownFileType = sourcecode.swift; path = PhotosView.swift; sourceTree = "<group>"; };
		EDF41CB82B6A4B5C00E4D9DF /* TextView.swift */ = {isa = PBXFileReference; lastKnownFileType = sourcecode.swift; path = TextView.swift; sourceTree = "<group>"; };
		EDF41CBA2B6A4CB800E4D9DF /* PhotosDisplayView.swift */ = {isa = PBXFileReference; lastKnownFileType = sourcecode.swift; path = PhotosDisplayView.swift; sourceTree = "<group>"; };
/* End PBXFileReference section */

/* Begin PBXFrameworksBuildPhase section */
		EDF158FC2B67FC2E00F7ABCE /* Frameworks */ = {
			isa = PBXFrameworksBuildPhase;
			buildActionMask = 2147483647;
			files = (
			);
			runOnlyForDeploymentPostprocessing = 0;
		};
/* End PBXFrameworksBuildPhase section */

/* Begin PBXGroup section */
		ED9EB7D22B6948A200502F46 /* Models */ = {
			isa = PBXGroup;
			children = (
			);
			path = Models;
			sourceTree = "<group>";
		};
		ED9EB7D32B6948DD00502F46 /* Views */ = {
			isa = PBXGroup;
			children = (
				EDF159042B67FC2E00F7ABCE /* HomeView.swift */,
				ED9EB7D42B694F9800502F46 /* WorkingView.swift */,
				ED9EB7D62B695FF000502F46 /* DummyView.swift */,
				EDF41CB62B6A4A7E00E4D9DF /* PhotosView.swift */,
				EDF41CB82B6A4B5C00E4D9DF /* TextView.swift */,
				EDF41CBA2B6A4CB800E4D9DF /* PhotosDisplayView.swift */,
			);
			path = Views;
			sourceTree = "<group>";
		};
		EDF158F62B67FC2E00F7ABCE = {
			isa = PBXGroup;
			children = (
				EDF159102B67FEFD00F7ABCE /* Idee.md */,
				EDF159012B67FC2E00F7ABCE /* Progetto */,
				EDF159002B67FC2E00F7ABCE /* Products */,
			);
			sourceTree = "<group>";
		};
		EDF159002B67FC2E00F7ABCE /* Products */ = {
			isa = PBXGroup;
			children = (
				EDF158FF2B67FC2E00F7ABCE /* Progetto.app */,
			);
			name = Products;
			sourceTree = "<group>";
		};
		EDF159012B67FC2E00F7ABCE /* Progetto */ = {
			isa = PBXGroup;
			children = (
				ED9EB7D32B6948DD00502F46 /* Views */,
				ED9EB7D22B6948A200502F46 /* Models */,
				EDF159022B67FC2E00F7ABCE /* ProgettoApp.swift */,
				EDF159062B67FC2F00F7ABCE /* Assets.xcassets */,
				EDF159082B67FC2F00F7ABCE /* Preview Content */,
			);
			path = Progetto;
			sourceTree = "<group>";
		};
		EDF159082B67FC2F00F7ABCE /* Preview Content */ = {
			isa = PBXGroup;
			children = (
				EDF159092B67FC2F00F7ABCE /* Preview Assets.xcassets */,
			);
			path = "Preview Content";
			sourceTree = "<group>";
		};
/* End PBXGroup section */

/* Begin PBXNativeTarget section */
		EDF158FE2B67FC2E00F7ABCE /* Progetto */ = {
			isa = PBXNativeTarget;
			buildConfigurationList = EDF1590D2B67FC2F00F7ABCE /* Build configuration list for PBXNativeTarget "Progetto" */;
			buildPhases = (
				EDF158FB2B67FC2E00F7ABCE /* Sources */,
				EDF158FC2B67FC2E00F7ABCE /* Frameworks */,
				EDF158FD2B67FC2E00F7ABCE /* Resources */,
			);
			buildRules = (
			);
			dependencies = (
			);
			name = Progetto;
			productName = Progetto;
			productReference = EDF158FF2B67FC2E00F7ABCE /* Progetto.app */;
			productType = "com.apple.product-type.application";
		};
/* End PBXNativeTarget section */

/* Begin PBXProject section */
		EDF158F72B67FC2E00F7ABCE /* Project object */ = {
			isa = PBXProject;
			attributes = {
				BuildIndependentTargetsInParallel = 1;
				LastSwiftUpdateCheck = 1420;
				LastUpgradeCheck = 1420;
				TargetAttributes = {
					EDF158FE2B67FC2E00F7ABCE = {
						CreatedOnToolsVersion = 14.2;
					};
				};
			};
			buildConfigurationList = EDF158FA2B67FC2E00F7ABCE /* Build configuration list for PBXProject "Progetto" */;
			compatibilityVersion = "Xcode 14.0";
			developmentRegion = en;
			hasScannedForEncodings = 0;
			knownRegions = (
				en,
				Base,
			);
			mainGroup = EDF158F62B67FC2E00F7ABCE;
			productRefGroup = EDF159002B67FC2E00F7ABCE /* Products */;
			projectDirPath = "";
			projectRoot = "";
			targets = (
				EDF158FE2B67FC2E00F7ABCE /* Progetto */,
			);
		};
/* End PBXProject section */

/* Begin PBXResourcesBuildPhase section */
		EDF158FD2B67FC2E00F7ABCE /* Resources */ = {
			isa = PBXResourcesBuildPhase;
			buildActionMask = 2147483647;
			files = (
				EDF159112B67FEFD00F7ABCE /* Idee.md in Resources */,
				EDF1590A2B67FC2F00F7ABCE /* Preview Assets.xcassets in Resources */,
				EDF159072B67FC2F00F7ABCE /* Assets.xcassets in Resources */,
			);
			runOnlyForDeploymentPostprocessing = 0;
		};
/* End PBXResourcesBuildPhase section */

/* Begin PBXSourcesBuildPhase section */
		EDF158FB2B67FC2E00F7ABCE /* Sources */ = {
			isa = PBXSourcesBuildPhase;
			buildActionMask = 2147483647;
			files = (
				EDF159052B67FC2E00F7ABCE /* HomeView.swift in Sources */,
				ED9EB7D72B695FF000502F46 /* DummyView.swift in Sources */,
				EDF41CB72B6A4A7E00E4D9DF /* PhotosView.swift in Sources */,
				EDF41CB92B6A4B5C00E4D9DF /* TextView.swift in Sources */,
				EDF41CBB2B6A4CB800E4D9DF /* PhotosDisplayView.swift in Sources */,
				EDF159032B67FC2E00F7ABCE /* ProgettoApp.swift in Sources */,
				ED9EB7D52B694F9800502F46 /* WorkingView.swift in Sources */,
			);
			runOnlyForDeploymentPostprocessing = 0;
		};
/* End PBXSourcesBuildPhase section */

/* Begin XCBuildConfiguration section */
		EDF1590B2B67FC2F00F7ABCE /* Debug */ = {
			isa = XCBuildConfiguration;
			buildSettings = {
				ALWAYS_SEARCH_USER_PATHS = NO;
				CLANG_ANALYZER_NONNULL = YES;
				CLANG_ANALYZER_NUMBER_OBJECT_CONVERSION = YES_AGGRESSIVE;
				CLANG_CXX_LANGUAGE_STANDARD = "gnu++20";
				CLANG_ENABLE_MODULES = YES;
				CLANG_ENABLE_OBJC_ARC = YES;
				CLANG_ENABLE_OBJC_WEAK = YES;
				CLANG_WARN_BLOCK_CAPTURE_AUTORELEASING = YES;
				CLANG_WARN_BOOL_CONVERSION = YES;
				CLANG_WARN_COMMA = YES;
				CLANG_WARN_CONSTANT_CONVERSION = YES;
				CLANG_WARN_DEPRECATED_OBJC_IMPLEMENTATIONS = YES;
				CLANG_WARN_DIRECT_OBJC_ISA_USAGE = YES_ERROR;
				CLANG_WARN_DOCUMENTATION_COMMENTS = YES;
				CLANG_WARN_EMPTY_BODY = YES;
				CLANG_WARN_ENUM_CONVERSION = YES;
				CLANG_WARN_INFINITE_RECURSION = YES;
				CLANG_WARN_INT_CONVERSION = YES;
				CLANG_WARN_NON_LITERAL_NULL_CONVERSION = YES;
				CLANG_WARN_OBJC_IMPLICIT_RETAIN_SELF = YES;
				CLANG_WARN_OBJC_LITERAL_CONVERSION = YES;
				CLANG_WARN_OBJC_ROOT_CLASS = YES_ERROR;
				CLANG_WARN_QUOTED_INCLUDE_IN_FRAMEWORK_HEADER = YES;
				CLANG_WARN_RANGE_LOOP_ANALYSIS = YES;
				CLANG_WARN_STRICT_PROTOTYPES = YES;
				CLANG_WARN_SUSPICIOUS_MOVE = YES;
				CLANG_WARN_UNGUARDED_AVAILABILITY = YES_AGGRESSIVE;
				CLANG_WARN_UNREACHABLE_CODE = YES;
				CLANG_WARN__DUPLICATE_METHOD_MATCH = YES;
				COPY_PHASE_STRIP = NO;
				DEBUG_INFORMATION_FORMAT = dwarf;
				ENABLE_STRICT_OBJC_MSGSEND = YES;
				ENABLE_TESTABILITY = YES;
				GCC_C_LANGUAGE_STANDARD = gnu11;
				GCC_DYNAMIC_NO_PIC = NO;
				GCC_NO_COMMON_BLOCKS = YES;
				GCC_OPTIMIZATION_LEVEL = 0;
				GCC_PREPROCESSOR_DEFINITIONS = (
					"DEBUG=1",
					"$(inherited)",
				);
				GCC_WARN_64_TO_32_BIT_CONVERSION = YES;
				GCC_WARN_ABOUT_RETURN_TYPE = YES_ERROR;
				GCC_WARN_UNDECLARED_SELECTOR = YES;
				GCC_WARN_UNINITIALIZED_AUTOS = YES_AGGRESSIVE;
				GCC_WARN_UNUSED_FUNCTION = YES;
				GCC_WARN_UNUSED_VARIABLE = YES;
				IPHONEOS_DEPLOYMENT_TARGET = 16.2;
				MTL_ENABLE_DEBUG_INFO = INCLUDE_SOURCE;
				MTL_FAST_MATH = YES;
				ONLY_ACTIVE_ARCH = YES;
				SDKROOT = iphoneos;
				SWIFT_ACTIVE_COMPILATION_CONDITIONS = DEBUG;
				SWIFT_OPTIMIZATION_LEVEL = "-Onone";
			};
			name = Debug;
		};
		EDF1590C2B67FC2F00F7ABCE /* Release */ = {
			isa = XCBuildConfiguration;
			buildSettings = {
				ALWAYS_SEARCH_USER_PATHS = NO;
				CLANG_ANALYZER_NONNULL = YES;
				CLANG_ANALYZER_NUMBER_OBJECT_CONVERSION = YES_AGGRESSIVE;
				CLANG_CXX_LANGUAGE_STANDARD = "gnu++20";
				CLANG_ENABLE_MODULES = YES;
				CLANG_ENABLE_OBJC_ARC = YES;
				CLANG_ENABLE_OBJC_WEAK = YES;
				CLANG_WARN_BLOCK_CAPTURE_AUTORELEASING = YES;
				CLANG_WARN_BOOL_CONVERSION = YES;
				CLANG_WARN_COMMA = YES;
				CLANG_WARN_CONSTANT_CONVERSION = YES;
				CLANG_WARN_DEPRECATED_OBJC_IMPLEMENTATIONS = YES;
				CLANG_WARN_DIRECT_OBJC_ISA_USAGE = YES_ERROR;
				CLANG_WARN_DOCUMENTATION_COMMENTS = YES;
				CLANG_WARN_EMPTY_BODY = YES;
				CLANG_WARN_ENUM_CONVERSION = YES;
				CLANG_WARN_INFINITE_RECURSION = YES;
				CLANG_WARN_INT_CONVERSION = YES;
				CLANG_WARN_NON_LITERAL_NULL_CONVERSION = YES;
				CLANG_WARN_OBJC_IMPLICIT_RETAIN_SELF = YES;
				CLANG_WARN_OBJC_LITERAL_CONVERSION = YES;
				CLANG_WARN_OBJC_ROOT_CLASS = YES_ERROR;
				CLANG_WARN_QUOTED_INCLUDE_IN_FRAMEWORK_HEADER = YES;
				CLANG_WARN_RANGE_LOOP_ANALYSIS = YES;
				CLANG_WARN_STRICT_PROTOTYPES = YES;
				CLANG_WARN_SUSPICIOUS_MOVE = YES;
				CLANG_WARN_UNGUARDED_AVAILABILITY = YES_AGGRESSIVE;
				CLANG_WARN_UNREACHABLE_CODE = YES;
				CLANG_WARN__DUPLICATE_METHOD_MATCH = YES;
				COPY_PHASE_STRIP = NO;
				DEBUG_INFORMATION_FORMAT = "dwarf-with-dsym";
				ENABLE_NS_ASSERTIONS = NO;
				ENABLE_STRICT_OBJC_MSGSEND = YES;
				GCC_C_LANGUAGE_STANDARD = gnu11;
				GCC_NO_COMMON_BLOCKS = YES;
				GCC_WARN_64_TO_32_BIT_CONVERSION = YES;
				GCC_WARN_ABOUT_RETURN_TYPE = YES_ERROR;
				GCC_WARN_UNDECLARED_SELECTOR = YES;
				GCC_WARN_UNINITIALIZED_AUTOS = YES_AGGRESSIVE;
				GCC_WARN_UNUSED_FUNCTION = YES;
				GCC_WARN_UNUSED_VARIABLE = YES;
				IPHONEOS_DEPLOYMENT_TARGET = 16.2;
				MTL_ENABLE_DEBUG_INFO = NO;
				MTL_FAST_MATH = YES;
				SDKROOT = iphoneos;
				SWIFT_COMPILATION_MODE = wholemodule;
				SWIFT_OPTIMIZATION_LEVEL = "-O";
				VALIDATE_PRODUCT = YES;
			};
			name = Release;
		};
		EDF1590E2B67FC2F00F7ABCE /* Debug */ = {
			isa = XCBuildConfiguration;
			buildSettings = {
				ASSETCATALOG_COMPILER_APPICON_NAME = AppIcon;
				ASSETCATALOG_COMPILER_GLOBAL_ACCENT_COLOR_NAME = AccentColor;
				CODE_SIGN_STYLE = Automatic;
				CURRENT_PROJECT_VERSION = 1;
				DEVELOPMENT_ASSET_PATHS = "\"Progetto/Preview Content\"";
				ENABLE_PREVIEWS = YES;
				GENERATE_INFOPLIST_FILE = YES;
				INFOPLIST_KEY_NSPhotoLibraryUsageDescription = "Used to show images";
				INFOPLIST_KEY_UIApplicationSceneManifest_Generation = YES;
				INFOPLIST_KEY_UIApplicationSupportsIndirectInputEvents = YES;
				INFOPLIST_KEY_UILaunchScreen_Generation = YES;
				INFOPLIST_KEY_UISupportedInterfaceOrientations_iPad = "UIInterfaceOrientationPortrait UIInterfaceOrientationPortraitUpsideDown UIInterfaceOrientationLandscapeLeft UIInterfaceOrientationLandscapeRight";
				INFOPLIST_KEY_UISupportedInterfaceOrientations_iPhone = "UIInterfaceOrientationPortrait UIInterfaceOrientationLandscapeLeft UIInterfaceOrientationLandscapeRight";
				LD_RUNPATH_SEARCH_PATHS = (
					"$(inherited)",
					"@executable_path/Frameworks",
				);
				MARKETING_VERSION = 1.0;
				PRODUCT_BUNDLE_IDENTIFIER = "com.ios-dev-project.Progetto";
				PRODUCT_NAME = "$(TARGET_NAME)";
				SWIFT_EMIT_LOC_STRINGS = YES;
				SWIFT_VERSION = 5.0;
				TARGETED_DEVICE_FAMILY = "1,2";
			};
			name = Debug;
		};
		EDF1590F2B67FC2F00F7ABCE /* Release */ = {
			isa = XCBuildConfiguration;
			buildSettings = {
				ASSETCATALOG_COMPILER_APPICON_NAME = AppIcon;
				ASSETCATALOG_COMPILER_GLOBAL_ACCENT_COLOR_NAME = AccentColor;
				CODE_SIGN_STYLE = Automatic;
				CURRENT_PROJECT_VERSION = 1;
				DEVELOPMENT_ASSET_PATHS = "\"Progetto/Preview Content\"";
				ENABLE_PREVIEWS = YES;
				GENERATE_INFOPLIST_FILE = YES;
				INFOPLIST_KEY_NSPhotoLibraryUsageDescription = "Used to show images";
				INFOPLIST_KEY_UIApplicationSceneManifest_Generation = YES;
				INFOPLIST_KEY_UIApplicationSupportsIndirectInputEvents = YES;
				INFOPLIST_KEY_UILaunchScreen_Generation = YES;
				INFOPLIST_KEY_UISupportedInterfaceOrientations_iPad = "UIInterfaceOrientationPortrait UIInterfaceOrientationPortraitUpsideDown UIInterfaceOrientationLandscapeLeft UIInterfaceOrientationLandscapeRight";
				INFOPLIST_KEY_UISupportedInterfaceOrientations_iPhone = "UIInterfaceOrientationPortrait UIInterfaceOrientationLandscapeLeft UIInterfaceOrientationLandscapeRight";
				LD_RUNPATH_SEARCH_PATHS = (
					"$(inherited)",
					"@executable_path/Frameworks",
				);
				MARKETING_VERSION = 1.0;
				PRODUCT_BUNDLE_IDENTIFIER = "com.ios-dev-project.Progetto";
				PRODUCT_NAME = "$(TARGET_NAME)";
				SWIFT_EMIT_LOC_STRINGS = YES;
				SWIFT_VERSION = 5.0;
				TARGETED_DEVICE_FAMILY = "1,2";
			};
			name = Release;
		};
/* End XCBuildConfiguration section */

/* Begin XCConfigurationList section */
		EDF158FA2B67FC2E00F7ABCE /* Build configuration list for PBXProject "Progetto" */ = {
			isa = XCConfigurationList;
			buildConfigurations = (
				EDF1590B2B67FC2F00F7ABCE /* Debug */,
				EDF1590C2B67FC2F00F7ABCE /* Release */,
			);
			defaultConfigurationIsVisible = 0;
			defaultConfigurationName = Release;
		};
		EDF1590D2B67FC2F00F7ABCE /* Build configuration list for PBXNativeTarget "Progetto" */ = {
			isa = XCConfigurationList;
			buildConfigurations = (
				EDF1590E2B67FC2F00F7ABCE /* Debug */,
				EDF1590F2B67FC2F00F7ABCE /* Release */,
			);
			defaultConfigurationIsVisible = 0;
			defaultConfigurationName = Release;
		};
/* End XCConfigurationList section */
	};
	rootObject = EDF158F72B67FC2E00F7ABCE /* Project object */;
}
